
Microsoft Visual Studio Solution File, Format Version 12.00
# Visual Studio Version 17
VisualStudioVersion = 17.9.34622.214
MinimumVisualStudioVersion = 10.0.40219.1
Project("{FAE04EC0-301F-11D3-BF4B-00C04F79EFBC}") = "RobotApp", "ConsoleApp1\RobotApp.csproj", "{9F8E5175-D51C-4855-B241-768C9E0A9710}"
EndProject
Global
	GlobalSection(SolutionConfigurationPlatforms) = preSolution
		Debug|Any CPU = Debug|Any CPU
		Release|Any CPU = Release|Any CPU
	EndGlobalSection
	GlobalSection(ProjectConfigurationPlatforms) = postSolution
		{9F8E5175-D51C-4855-B241-768C9E0A9710}.Debug|Any CPU.ActiveCfg = Debug|Any CPU
		{9F8E5175-D51C-4855-B241-768C9E0A9710}.Debug|Any CPU.Build.0 = Debug|Any CPU
		{9F8E5175-D51C-4855-B241-768C9E0A9710}.Release|Any CPU.ActiveCfg = Release|Any CPU
		{9F8E5175-D51C-4855-B241-768C9E0A9710}.Release|Any CPU.Build.0 = Release|Any CPU
	EndGlobalSection
	GlobalSection(SolutionProperties) = preSolution
		HideSolutionNode = FALSE
	EndGlobalSection
	GlobalSection(ExtensibilityGlobals) = postSolution
		SolutionGuid = {92963664-0265-4581-A75F-A30F238F2B88}
	EndGlobalSection
EndGlobal
